
Microsoft Visual Studio Solution File, Format Version 12.00
# Visual Studio Version 16
VisualStudioVersion = 16.0.30114.105
MinimumVisualStudioVersion = 10.0.40219.1
Project("{FAE04EC0-301F-11D3-BF4B-00C04F79EFBC}") = "CleanArchitecture.Store.Domain", "CleanArchitecture.Store.Domain\CleanArchitecture.Store.Domain.csproj", "{69E17436-7A8C-4EEF-A3C2-9A7A955DCFA5}"
EndProject
Project("{FAE04EC0-301F-11D3-BF4B-00C04F79EFBC}") = "CleanArchitecture.Store.Application", "CleanArchitecture.Store.Application\CleanArchitecture.Store.Application.csproj", "{7D145E3D-1674-41C0-9D5C-095AAB9A1A09}"
EndProject
Project("{FAE04EC0-301F-11D3-BF4B-00C04F79EFBC}") = "CleanArchitecture.Store.Persistence", "CleanArchitecture.Store.Persistence\CleanArchitecture.Store.Persistence.csproj", "{2E94D430-47F4-429E-B59F-1612EB420188}"
EndProject
Project("{FAE04EC0-301F-11D3-BF4B-00C04F79EFBC}") = "CleanArchitecture.Store.API", "CleanArchitecture.Store.API\CleanArchitecture.Store.API.csproj", "{9F576E9D-FECD-42B7-AC70-EFE420ED7ABD}"
EndProject
Project("{FAE04EC0-301F-11D3-BF4B-00C04F79EFBC}") = "CleanArchitecture.Store.Infrastructure", "CleanArchitecture.Store.Infrastructure\CleanArchitecture.Store.Infrastructure.csproj", "{39219980-FF98-4FDF-BD73-3ED055FBE119}"
EndProject
Project("{FAE04EC0-301F-11D3-BF4B-00C04F79EFBC}") = "CleanArchitecture.Store.API.IntegrationTests", "CleanArchitecture.Store.API.IntegrationTests\CleanArchitecture.Store.API.IntegrationTests.csproj", "{69BA8632-A9C9-4D96-89D4-D6A0FB453A07}"
EndProject
Project("{FAE04EC0-301F-11D3-BF4B-00C04F79EFBC}") = "CleanArchitecture.Store.Persistence.IntegrationTests", "CleanArchitecture.Store.Persistence.IntegrationTests\CleanArchitecture.Store.Persistence.IntegrationTests.csproj", "{8C3B5986-BCE1-45D4-994D-A8137D80650F}"
EndProject
Project("{FAE04EC0-301F-11D3-BF4B-00C04F79EFBC}") = "CleanArchitecture.Store.Application.UnitTests", "CleanArchitecture.Store.Application.UnitTests\CleanArchitecture.Store.Application.UnitTests.csproj", "{56BB6A34-49C8-4969-9B98-264D74D12777}"
EndProject
Global
	GlobalSection(SolutionConfigurationPlatforms) = preSolution
		Debug|Any CPU = Debug|Any CPU
		Debug|x64 = Debug|x64
		Debug|x86 = Debug|x86
		Release|Any CPU = Release|Any CPU
		Release|x64 = Release|x64
		Release|x86 = Release|x86
	EndGlobalSection
	GlobalSection(SolutionProperties) = preSolution
		HideSolutionNode = FALSE
	EndGlobalSection
	GlobalSection(ProjectConfigurationPlatforms) = postSolution
		{69E17436-7A8C-4EEF-A3C2-9A7A955DCFA5}.Debug|Any CPU.ActiveCfg = Debug|Any CPU
		{69E17436-7A8C-4EEF-A3C2-9A7A955DCFA5}.Debug|Any CPU.Build.0 = Debug|Any CPU
		{69E17436-7A8C-4EEF-A3C2-9A7A955DCFA5}.Debug|x64.ActiveCfg = Debug|Any CPU
		{69E17436-7A8C-4EEF-A3C2-9A7A955DCFA5}.Debug|x64.Build.0 = Debug|Any CPU
		{69E17436-7A8C-4EEF-A3C2-9A7A955DCFA5}.Debug|x86.ActiveCfg = Debug|Any CPU
		{69E17436-7A8C-4EEF-A3C2-9A7A955DCFA5}.Debug|x86.Build.0 = Debug|Any CPU
		{69E17436-7A8C-4EEF-A3C2-9A7A955DCFA5}.Release|Any CPU.ActiveCfg = Release|Any CPU
		{69E17436-7A8C-4EEF-A3C2-9A7A955DCFA5}.Release|Any CPU.Build.0 = Release|Any CPU
		{69E17436-7A8C-4EEF-A3C2-9A7A955DCFA5}.Release|x64.ActiveCfg = Release|Any CPU
		{69E17436-7A8C-4EEF-A3C2-9A7A955DCFA5}.Release|x64.Build.0 = Release|Any CPU
		{69E17436-7A8C-4EEF-A3C2-9A7A955DCFA5}.Release|x86.ActiveCfg = Release|Any CPU
		{69E17436-7A8C-4EEF-A3C2-9A7A955DCFA5}.Release|x86.Build.0 = Release|Any CPU
		{7D145E3D-1674-41C0-9D5C-095AAB9A1A09}.Debug|Any CPU.ActiveCfg = Debug|Any CPU
		{7D145E3D-1674-41C0-9D5C-095AAB9A1A09}.Debug|Any CPU.Build.0 = Debug|Any CPU
		{7D145E3D-1674-41C0-9D5C-095AAB9A1A09}.Debug|x64.ActiveCfg = Debug|Any CPU
		{7D145E3D-1674-41C0-9D5C-095AAB9A1A09}.Debug|x64.Build.0 = Debug|Any CPU
		{7D145E3D-1674-41C0-9D5C-095AAB9A1A09}.Debug|x86.ActiveCfg = Debug|Any CPU
		{7D145E3D-1674-41C0-9D5C-095AAB9A1A09}.Debug|x86.Build.0 = Debug|Any CPU
		{7D145E3D-1674-41C0-9D5C-095AAB9A1A09}.Release|Any CPU.ActiveCfg = Release|Any CPU
		{7D145E3D-1674-41C0-9D5C-095AAB9A1A09}.Release|Any CPU.Build.0 = Release|Any CPU
		{7D145E3D-1674-41C0-9D5C-095AAB9A1A09}.Release|x64.ActiveCfg = Release|Any CPU
		{7D145E3D-1674-41C0-9D5C-095AAB9A1A09}.Release|x64.Build.0 = Release|Any CPU
		{7D145E3D-1674-41C0-9D5C-095AAB9A1A09}.Release|x86.ActiveCfg = Release|Any CPU
		{7D145E3D-1674-41C0-9D5C-095AAB9A1A09}.Release|x86.Build.0 = Release|Any CPU
		{2E94D430-47F4-429E-B59F-1612EB420188}.Debug|Any CPU.ActiveCfg = Debug|Any CPU
		{2E94D430-47F4-429E-B59F-1612EB420188}.Debug|Any CPU.Build.0 = Debug|Any CPU
		{2E94D430-47F4-429E-B59F-1612EB420188}.Debug|x64.ActiveCfg = Debug|Any CPU
		{2E94D430-47F4-429E-B59F-1612EB420188}.Debug|x64.Build.0 = Debug|Any CPU
		{2E94D430-47F4-429E-B59F-1612EB420188}.Debug|x86.ActiveCfg = Debug|Any CPU
		{2E94D430-47F4-429E-B59F-1612EB420188}.Debug|x86.Build.0 = Debug|Any CPU
		{2E94D430-47F4-429E-B59F-1612EB420188}.Release|Any CPU.ActiveCfg = Release|Any CPU
		{2E94D430-47F4-429E-B59F-1612EB420188}.Release|Any CPU.Build.0 = Release|Any CPU
		{2E94D430-47F4-429E-B59F-1612EB420188}.Release|x64.ActiveCfg = Release|Any CPU
		{2E94D430-47F4-429E-B59F-1612EB420188}.Release|x64.Build.0 = Release|Any CPU
		{2E94D430-47F4-429E-B59F-1612EB420188}.Release|x86.ActiveCfg = Release|Any CPU
		{2E94D430-47F4-429E-B59F-1612EB420188}.Release|x86.Build.0 = Release|Any CPU
		{9F576E9D-FECD-42B7-AC70-EFE420ED7ABD}.Debug|Any CPU.ActiveCfg = Debug|Any CPU
		{9F576E9D-FECD-42B7-AC70-EFE420ED7ABD}.Debug|Any CPU.Build.0 = Debug|Any CPU
		{9F576E9D-FECD-42B7-AC70-EFE420ED7ABD}.Debug|x64.ActiveCfg = Debug|Any CPU
		{9F576E9D-FECD-42B7-AC70-EFE420ED7ABD}.Debug|x64.Build.0 = Debug|Any CPU
		{9F576E9D-FECD-42B7-AC70-EFE420ED7ABD}.Debug|x86.ActiveCfg = Debug|Any CPU
		{9F576E9D-FECD-42B7-AC70-EFE420ED7ABD}.Debug|x86.Build.0 = Debug|Any CPU
		{9F576E9D-FECD-42B7-AC70-EFE420ED7ABD}.Release|Any CPU.ActiveCfg = Release|Any CPU
		{9F576E9D-FECD-42B7-AC70-EFE420ED7ABD}.Release|Any CPU.Build.0 = Release|Any CPU
		{9F576E9D-FECD-42B7-AC70-EFE420ED7ABD}.Release|x64.ActiveCfg = Release|Any CPU
		{9F576E9D-FECD-42B7-AC70-EFE420ED7ABD}.Release|x64.Build.0 = Release|Any CPU
		{9F576E9D-FECD-42B7-AC70-EFE420ED7ABD}.Release|x86.ActiveCfg = Release|Any CPU
		{9F576E9D-FECD-42B7-AC70-EFE420ED7ABD}.Release|x86.Build.0 = Release|Any CPU
		{39219980-FF98-4FDF-BD73-3ED055FBE119}.Debug|Any CPU.ActiveCfg = Debug|Any CPU
		{39219980-FF98-4FDF-BD73-3ED055FBE119}.Debug|Any CPU.Build.0 = Debug|Any CPU
		{39219980-FF98-4FDF-BD73-3ED055FBE119}.Debug|x64.ActiveCfg = Debug|Any CPU
		{39219980-FF98-4FDF-BD73-3ED055FBE119}.Debug|x64.Build.0 = Debug|Any CPU
		{39219980-FF98-4FDF-BD73-3ED055FBE119}.Debug|x86.ActiveCfg = Debug|Any CPU
		{39219980-FF98-4FDF-BD73-3ED055FBE119}.Debug|x86.Build.0 = Debug|Any CPU
		{39219980-FF98-4FDF-BD73-3ED055FBE119}.Release|Any CPU.ActiveCfg = Release|Any CPU
		{39219980-FF98-4FDF-BD73-3ED055FBE119}.Release|Any CPU.Build.0 = Release|Any CPU
		{39219980-FF98-4FDF-BD73-3ED055FBE119}.Release|x64.ActiveCfg = Release|Any CPU
		{39219980-FF98-4FDF-BD73-3ED055FBE119}.Release|x64.Build.0 = Release|Any CPU
		{39219980-FF98-4FDF-BD73-3ED055FBE119}.Release|x86.ActiveCfg = Release|Any CPU
		{39219980-FF98-4FDF-BD73-3ED055FBE119}.Release|x86.Build.0 = Release|Any CPU
		{69BA8632-A9C9-4D96-89D4-D6A0FB453A07}.Debug|Any CPU.ActiveCfg = Debug|Any CPU
		{69BA8632-A9C9-4D96-89D4-D6A0FB453A07}.Debug|Any CPU.Build.0 = Debug|Any CPU
		{69BA8632-A9C9-4D96-89D4-D6A0FB453A07}.Debug|x64.ActiveCfg = Debug|Any CPU
		{69BA8632-A9C9-4D96-89D4-D6A0FB453A07}.Debug|x64.Build.0 = Debug|Any CPU
		{69BA8632-A9C9-4D96-89D4-D6A0FB453A07}.Debug|x86.ActiveCfg = Debug|Any CPU
		{69BA8632-A9C9-4D96-89D4-D6A0FB453A07}.Debug|x86.Build.0 = Debug|Any CPU
		{69BA8632-A9C9-4D96-89D4-D6A0FB453A07}.Release|Any CPU.ActiveCfg = Release|Any CPU
		{69BA8632-A9C9-4D96-89D4-D6A0FB453A07}.Release|Any CPU.Build.0 = Release|Any CPU
		{69BA8632-A9C9-4D96-89D4-D6A0FB453A07}.Release|x64.ActiveCfg = Release|Any CPU
		{69BA8632-A9C9-4D96-89D4-D6A0FB453A07}.Release|x64.Build.0 = Release|Any CPU
		{69BA8632-A9C9-4D96-89D4-D6A0FB453A07}.Release|x86.ActiveCfg = Release|Any CPU
		{69BA8632-A9C9-4D96-89D4-D6A0FB453A07}.Release|x86.Build.0 = Release|Any CPU
		{8C3B5986-BCE1-45D4-994D-A8137D80650F}.Debug|Any CPU.ActiveCfg = Debug|Any CPU
		{8C3B5986-BCE1-45D4-994D-A8137D80650F}.Debug|Any CPU.Build.0 = Debug|Any CPU
		{8C3B5986-BCE1-45D4-994D-A8137D80650F}.Debug|x64.ActiveCfg = Debug|Any CPU
		{8C3B5986-BCE1-45D4-994D-A8137D80650F}.Debug|x64.Build.0 = Debug|Any CPU
		{8C3B5986-BCE1-45D4-994D-A8137D80650F}.Debug|x86.ActiveCfg = Debug|Any CPU
		{8C3B5986-BCE1-45D4-994D-A8137D80650F}.Debug|x86.Build.0 = Debug|Any CPU
		{8C3B5986-BCE1-45D4-994D-A8137D80650F}.Release|Any CPU.ActiveCfg = Release|Any CPU
		{8C3B5986-BCE1-45D4-994D-A8137D80650F}.Release|Any CPU.Build.0 = Release|Any CPU
		{8C3B5986-BCE1-45D4-994D-A8137D80650F}.Release|x64.ActiveCfg = Release|Any CPU
		{8C3B5986-BCE1-45D4-994D-A8137D80650F}.Release|x64.Build.0 = Release|Any CPU
		{8C3B5986-BCE1-45D4-994D-A8137D80650F}.Release|x86.ActiveCfg = Release|Any CPU
		{8C3B5986-BCE1-45D4-994D-A8137D80650F}.Release|x86.Build.0 = Release|Any CPU
		{56BB6A34-49C8-4969-9B98-264D74D12777}.Debug|Any CPU.ActiveCfg = Debug|Any CPU
		{56BB6A34-49C8-4969-9B98-264D74D12777}.Debug|Any CPU.Build.0 = Debug|Any CPU
		{56BB6A34-49C8-4969-9B98-264D74D12777}.Debug|x64.ActiveCfg = Debug|Any CPU
		{56BB6A34-49C8-4969-9B98-264D74D12777}.Debug|x64.Build.0 = Debug|Any CPU
		{56BB6A34-49C8-4969-9B98-264D74D12777}.Debug|x86.ActiveCfg = Debug|Any CPU
		{56BB6A34-49C8-4969-9B98-264D74D12777}.Debug|x86.Build.0 = Debug|Any CPU
		{56BB6A34-49C8-4969-9B98-264D74D12777}.Release|Any CPU.ActiveCfg = Release|Any CPU
		{56BB6A34-49C8-4969-9B98-264D74D12777}.Release|Any CPU.Build.0 = Release|Any CPU
		{56BB6A34-49C8-4969-9B98-264D74D12777}.Release|x64.ActiveCfg = Release|Any CPU
		{56BB6A34-49C8-4969-9B98-264D74D12777}.Release|x64.Build.0 = Release|Any CPU
		{56BB6A34-49C8-4969-9B98-264D74D12777}.Release|x86.ActiveCfg = Release|Any CPU
		{56BB6A34-49C8-4969-9B98-264D74D12777}.Release|x86.Build.0 = Release|Any CPU
	EndGlobalSection
EndGlobal
