
Microsoft Visual Studio Solution File, Format Version 12.00
# Visual Studio Version 16
VisualStudioVersion = 16.0.30114.105
MinimumVisualStudioVersion = 10.0.40219.1
Project("{FAE04EC0-301F-11D3-BF4B-00C04F79EFBC}") = "CleanArchitecture.Store.Domain", "CleanArchitecture.Store.Domain\CleanArchitecture.Store.Domain.csproj", "{69E17436-7A8C-4EEF-A3C2-9A7A955DCFA5}"
EndProject
Project("{FAE04EC0-301F-11D3-BF4B-00C04F79EFBC}") = "CleanArchitecture.Store.Application", "CleanArchitecture.Store.Application\CleanArchitecture.Store.Application.csproj", "{7D145E3D-1674-41C0-9D5C-095AAB9A1A09}"
EndProject
Global
	GlobalSection(SolutionConfigurationPlatforms) = preSolution
		Debug|Any CPU = Debug|Any CPU
		Debug|x64 = Debug|x64
		Debug|x86 = Debug|x86
		Release|Any CPU = Release|Any CPU
		Release|x64 = Release|x64
		Release|x86 = Release|x86
	EndGlobalSection
	GlobalSection(SolutionProperties) = preSolution
		HideSolutionNode = FALSE
	EndGlobalSection
	GlobalSection(ProjectConfigurationPlatforms) = postSolution
		{69E17436-7A8C-4EEF-A3C2-9A7A955DCFA5}.Debug|Any CPU.ActiveCfg = Debug|Any CPU
		{69E17436-7A8C-4EEF-A3C2-9A7A955DCFA5}.Debug|Any CPU.Build.0 = Debug|Any CPU
		{69E17436-7A8C-4EEF-A3C2-9A7A955DCFA5}.Debug|x64.ActiveCfg = Debug|Any CPU
		{69E17436-7A8C-4EEF-A3C2-9A7A955DCFA5}.Debug|x64.Build.0 = Debug|Any CPU
		{69E17436-7A8C-4EEF-A3C2-9A7A955DCFA5}.Debug|x86.ActiveCfg = Debug|Any CPU
		{69E17436-7A8C-4EEF-A3C2-9A7A955DCFA5}.Debug|x86.Build.0 = Debug|Any CPU
		{69E17436-7A8C-4EEF-A3C2-9A7A955DCFA5}.Release|Any CPU.ActiveCfg = Release|Any CPU
		{69E17436-7A8C-4EEF-A3C2-9A7A955DCFA5}.Release|Any CPU.Build.0 = Release|Any CPU
		{69E17436-7A8C-4EEF-A3C2-9A7A955DCFA5}.Release|x64.ActiveCfg = Release|Any CPU
		{69E17436-7A8C-4EEF-A3C2-9A7A955DCFA5}.Release|x64.Build.0 = Release|Any CPU
		{69E17436-7A8C-4EEF-A3C2-9A7A955DCFA5}.Release|x86.ActiveCfg = Release|Any CPU
		{69E17436-7A8C-4EEF-A3C2-9A7A955DCFA5}.Release|x86.Build.0 = Release|Any CPU
		{7D145E3D-1674-41C0-9D5C-095AAB9A1A09}.Debug|Any CPU.ActiveCfg = Debug|Any CPU
		{7D145E3D-1674-41C0-9D5C-095AAB9A1A09}.Debug|Any CPU.Build.0 = Debug|Any CPU
		{7D145E3D-1674-41C0-9D5C-095AAB9A1A09}.Debug|x64.ActiveCfg = Debug|Any CPU
		{7D145E3D-1674-41C0-9D5C-095AAB9A1A09}.Debug|x64.Build.0 = Debug|Any CPU
		{7D145E3D-1674-41C0-9D5C-095AAB9A1A09}.Debug|x86.ActiveCfg = Debug|Any CPU
		{7D145E3D-1674-41C0-9D5C-095AAB9A1A09}.Debug|x86.Build.0 = Debug|Any CPU
		{7D145E3D-1674-41C0-9D5C-095AAB9A1A09}.Release|Any CPU.ActiveCfg = Release|Any CPU
		{7D145E3D-1674-41C0-9D5C-095AAB9A1A09}.Release|Any CPU.Build.0 = Release|Any CPU
		{7D145E3D-1674-41C0-9D5C-095AAB9A1A09}.Release|x64.ActiveCfg = Release|Any CPU
		{7D145E3D-1674-41C0-9D5C-095AAB9A1A09}.Release|x64.Build.0 = Release|Any CPU
		{7D145E3D-1674-41C0-9D5C-095AAB9A1A09}.Release|x86.ActiveCfg = Release|Any CPU
		{7D145E3D-1674-41C0-9D5C-095AAB9A1A09}.Release|x86.Build.0 = Release|Any CPU
	EndGlobalSection
EndGlobal
